// !$*UTF8*$!
{
	archiveVersion = 1;
	classes = {
	};
	objectVersion = 60;
	objects = {

/* Begin PBXBuildFile section */
		3EA97D89DD3E4DB795C565A9 /* ANSITerminal in Frameworks */ = {isa = PBXBuildFile; productRef = 3EA97D8995C565A9F8DDEED5 /* ANSITerminal */; };
		97234EAA2C261B3F00B363EE /* Tasks.swift in Sources */ = {isa = PBXBuildFile; fileRef = 97234EA92C261B3F00B363EE /* Tasks.swift */; };
		3EA97D8920D84501B7D52375 /* SwiftCLUI in Frameworks */ = {isa = PBXBuildFile; productRef = 3EA97D89B7D523750498E081 /* SwiftCLUI */; };
		3EA97D89957D4067B96F2BC3 /* Ansi256Color in Frameworks */ = {isa = PBXBuildFile; productRef = 3EA97D89B96F2BC37269FB0F /* Ansi256Color */; };
/* End PBXBuildFile section */

/* Begin PBXCopyFilesBuildPhase section */
		97234EA42C261B3F00B363EE /* CopyFiles */ = {
			isa = PBXCopyFilesBuildPhase;
			buildActionMask = 2147483647;
			dstPath = /usr/share/man/man1/;
			dstSubfolderSpec = 0;
			files = (
			);
			runOnlyForDeploymentPostprocessing = 1;
		};
/* End PBXCopyFilesBuildPhase section */

/* Begin PBXFileReference section */
		97234EA62C261B3F00B363EE /* Tasks */ = {isa = PBXFileReference; explicitFileType = "compiled.mach-o.executable"; includeInIndex = 0; path = Tasks; sourceTree = BUILT_PRODUCTS_DIR; };
		97234EA92C261B3F00B363EE /* Tasks.swift */ = {isa = PBXFileReference; lastKnownFileType = sourcecode.swift; path = Tasks.swift; sourceTree = "<group>"; };
/* End PBXFileReference section */

/* Begin PBXFrameworksBuildPhase section */
		97234EA32C261B3F00B363EE /* Frameworks */ = {
			isa = PBXFrameworksBuildPhase;
			buildActionMask = 2147483647;
			files = (
				3EA97D89DD3E4DB795C565A9 /* ANSITerminal in Frameworks */,
				3EA97D8920D84501B7D52375 /* SwiftCLUI in Frameworks */,
				3EA97D89957D4067B96F2BC3 /* Ansi256Color in Frameworks */,
			);
			runOnlyForDeploymentPostprocessing = 0;
		};
/* End PBXFrameworksBuildPhase section */

/* Begin PBXGroup section */
		97234E9D2C261B3F00B363EE = {
			isa = PBXGroup;
			children = (
				97234EA82C261B3F00B363EE /* Tasks */,
				97234EA72C261B3F00B363EE /* Products */,
			);
			sourceTree = "<group>";
		};
		97234EA72C261B3F00B363EE /* Products */ = {
			isa = PBXGroup;
			children = (
				97234EA62C261B3F00B363EE /* Tasks */,
			);
			name = Products;
			sourceTree = "<group>";
		};
		97234EA82C261B3F00B363EE /* Tasks */ = {
			isa = PBXGroup;
			children = (
				97234EA92C261B3F00B363EE /* Tasks.swift */,
			);
			path = Tasks;
			sourceTree = "<group>";
		};
/* End PBXGroup section */

/* Begin PBXNativeTarget section */
		97234EA52C261B3F00B363EE /* Tasks */ = {
			isa = PBXNativeTarget;
			buildConfigurationList = 97234EAD2C261B3F00B363EE /* Build configuration list for PBXNativeTarget "Tasks" */;
			buildPhases = (
				97234EA22C261B3F00B363EE /* Sources */,
				97234EA32C261B3F00B363EE /* Frameworks */,
				97234EA42C261B3F00B363EE /* CopyFiles */,
			);
			buildRules = (
			);
			dependencies = (
			);
			name = Tasks;
			packageProductDependencies = (
				3EA97D8995C565A9F8DDEED5 /* ANSITerminal */,
				3EA97D89B7D523750498E081 /* SwiftCLUI */,
				3EA97D89B96F2BC37269FB0F /* Ansi256Color */,
			);
			productName = Tasks;
			productReference = 97234EA62C261B3F00B363EE /* Tasks */;
			productType = "com.apple.product-type.tool";
		};
/* End PBXNativeTarget section */

/* Begin PBXProject section */
		97234E9E2C261B3F00B363EE /* Project object */ = {
			isa = PBXProject;
			attributes = {
				BuildIndependentTargetsInParallel = 1;
				LastSwiftUpdateCheck = 1530;
				LastUpgradeCheck = 1530;
				TargetAttributes = {
					97234EA52C261B3F00B363EE = {
						CreatedOnToolsVersion = 15.3;
					};
				};
			};
			buildConfigurationList = 97234EA12C261B3F00B363EE /* Build configuration list for PBXProject "Tasks" */;
			compatibilityVersion = "Xcode 14.0";
			developmentRegion = en;
			hasScannedForEncodings = 0;
			knownRegions = (
				en,
				Base,
			);
			mainGroup = 97234E9D2C261B3F00B363EE;
			packageReferences = (
				DD3E4DB795C565A9F8DDEED5 /* XCRemoteSwiftPackageReference "ANSITerminal" */,
				957D4067B96F2BC37269FB0F /* XCRemoteSwiftPackageReference "Ansi256Color" */,
				20D84501B7D523750498E081 /* XCRemoteSwiftPackageReference "SwiftCLUI" */,
			);
			productRefGroup = 97234EA72C261B3F00B363EE /* Products */;
			projectDirPath = "";
			projectRoot = "";
			targets = (
				97234EA52C261B3F00B363EE /* Tasks */,
			);
		};
/* End PBXProject section */

/* Begin PBXSourcesBuildPhase section */
		97234EA22C261B3F00B363EE /* Sources */ = {
			isa = PBXSourcesBuildPhase;
			buildActionMask = 2147483647;
			files = (
				97234EAA2C261B3F00B363EE /* Tasks.swift in Sources */,
			);
			runOnlyForDeploymentPostprocessing = 0;
		};
/* End PBXSourcesBuildPhase section */

/* Begin XCBuildConfiguration section */
		97234EAB2C261B3F00B363EE /* Debug */ = {
			isa = XCBuildConfiguration;
			buildSettings = {
				ALWAYS_SEARCH_USER_PATHS = NO;
				ASSETCATALOG_COMPILER_GENERATE_SWIFT_ASSET_SYMBOL_EXTENSIONS = YES;
				CLANG_ANALYZER_NONNULL = YES;
				CLANG_ANALYZER_NUMBER_OBJECT_CONVERSION = YES_AGGRESSIVE;
				CLANG_CXX_LANGUAGE_STANDARD = "gnu++20";
				CLANG_ENABLE_MODULES = YES;
				CLANG_ENABLE_OBJC_ARC = YES;
				CLANG_ENABLE_OBJC_WEAK = YES;
				CLANG_WARN_BLOCK_CAPTURE_AUTORELEASING = YES;
				CLANG_WARN_BOOL_CONVERSION = YES;
				CLANG_WARN_COMMA = YES;
				CLANG_WARN_CONSTANT_CONVERSION = YES;
				CLANG_WARN_DEPRECATED_OBJC_IMPLEMENTATIONS = YES;
				CLANG_WARN_DIRECT_OBJC_ISA_USAGE = YES_ERROR;
				CLANG_WARN_DOCUMENTATION_COMMENTS = YES;
				CLANG_WARN_EMPTY_BODY = YES;
				CLANG_WARN_ENUM_CONVERSION = YES;
				CLANG_WARN_INFINITE_RECURSION = YES;
				CLANG_WARN_INT_CONVERSION = YES;
				CLANG_WARN_NON_LITERAL_NULL_CONVERSION = YES;
				CLANG_WARN_OBJC_IMPLICIT_RETAIN_SELF = YES;
				CLANG_WARN_OBJC_LITERAL_CONVERSION = YES;
				CLANG_WARN_OBJC_ROOT_CLASS = YES_ERROR;
				CLANG_WARN_QUOTED_INCLUDE_IN_FRAMEWORK_HEADER = YES;
				CLANG_WARN_RANGE_LOOP_ANALYSIS = YES;
				CLANG_WARN_STRICT_PROTOTYPES = YES;
				CLANG_WARN_SUSPICIOUS_MOVE = YES;
				CLANG_WARN_UNGUARDED_AVAILABILITY = YES_AGGRESSIVE;
				CLANG_WARN_UNREACHABLE_CODE = YES;
				CLANG_WARN__DUPLICATE_METHOD_MATCH = YES;
				COPY_PHASE_STRIP = NO;
				DEBUG_INFORMATION_FORMAT = dwarf;
				ENABLE_STRICT_OBJC_MSGSEND = YES;
				ENABLE_TESTABILITY = YES;
				ENABLE_USER_SCRIPT_SANDBOXING = YES;
				GCC_C_LANGUAGE_STANDARD = gnu17;
				GCC_DYNAMIC_NO_PIC = NO;
				GCC_NO_COMMON_BLOCKS = YES;
				GCC_OPTIMIZATION_LEVEL = 0;
				GCC_PREPROCESSOR_DEFINITIONS = (
					"DEBUG=1",
					"$(inherited)",
				);
				GCC_WARN_64_TO_32_BIT_CONVERSION = YES;
				GCC_WARN_ABOUT_RETURN_TYPE = YES_ERROR;
				GCC_WARN_UNDECLARED_SELECTOR = YES;
				GCC_WARN_UNINITIALIZED_AUTOS = YES_AGGRESSIVE;
				GCC_WARN_UNUSED_FUNCTION = YES;
				GCC_WARN_UNUSED_VARIABLE = YES;
				LOCALIZATION_PREFERS_STRING_CATALOGS = YES;
				MACOSX_DEPLOYMENT_TARGET = 14.0;
				MTL_ENABLE_DEBUG_INFO = INCLUDE_SOURCE;
				MTL_FAST_MATH = YES;
				ONLY_ACTIVE_ARCH = YES;
				SDKROOT = macosx;
				SWIFT_ACTIVE_COMPILATION_CONDITIONS = "DEBUG $(inherited)";
				SWIFT_OPTIMIZATION_LEVEL = "-Onone";
			};
			name = Debug;
		};
		97234EAC2C261B3F00B363EE /* Release */ = {
			isa = XCBuildConfiguration;
			buildSettings = {
				ALWAYS_SEARCH_USER_PATHS = NO;
				ASSETCATALOG_COMPILER_GENERATE_SWIFT_ASSET_SYMBOL_EXTENSIONS = YES;
				CLANG_ANALYZER_NONNULL = YES;
				CLANG_ANALYZER_NUMBER_OBJECT_CONVERSION = YES_AGGRESSIVE;
				CLANG_CXX_LANGUAGE_STANDARD = "gnu++20";
				CLANG_ENABLE_MODULES = YES;
				CLANG_ENABLE_OBJC_ARC = YES;
				CLANG_ENABLE_OBJC_WEAK = YES;
				CLANG_WARN_BLOCK_CAPTURE_AUTORELEASING = YES;
				CLANG_WARN_BOOL_CONVERSION = YES;
				CLANG_WARN_COMMA = YES;
				CLANG_WARN_CONSTANT_CONVERSION = YES;
				CLANG_WARN_DEPRECATED_OBJC_IMPLEMENTATIONS = YES;
				CLANG_WARN_DIRECT_OBJC_ISA_USAGE = YES_ERROR;
				CLANG_WARN_DOCUMENTATION_COMMENTS = YES;
				CLANG_WARN_EMPTY_BODY = YES;
				CLANG_WARN_ENUM_CONVERSION = YES;
				CLANG_WARN_INFINITE_RECURSION = YES;
				CLANG_WARN_INT_CONVERSION = YES;
				CLANG_WARN_NON_LITERAL_NULL_CONVERSION = YES;
				CLANG_WARN_OBJC_IMPLICIT_RETAIN_SELF = YES;
				CLANG_WARN_OBJC_LITERAL_CONVERSION = YES;
				CLANG_WARN_OBJC_ROOT_CLASS = YES_ERROR;
				CLANG_WARN_QUOTED_INCLUDE_IN_FRAMEWORK_HEADER = YES;
				CLANG_WARN_RANGE_LOOP_ANALYSIS = YES;
				CLANG_WARN_STRICT_PROTOTYPES = YES;
				CLANG_WARN_SUSPICIOUS_MOVE = YES;
				CLANG_WARN_UNGUARDED_AVAILABILITY = YES_AGGRESSIVE;
				CLANG_WARN_UNREACHABLE_CODE = YES;
				CLANG_WARN__DUPLICATE_METHOD_MATCH = YES;
				COPY_PHASE_STRIP = NO;
				DEBUG_INFORMATION_FORMAT = "dwarf-with-dsym";
				ENABLE_NS_ASSERTIONS = NO;
				ENABLE_STRICT_OBJC_MSGSEND = YES;
				ENABLE_USER_SCRIPT_SANDBOXING = YES;
				GCC_C_LANGUAGE_STANDARD = gnu17;
				GCC_NO_COMMON_BLOCKS = YES;
				GCC_WARN_64_TO_32_BIT_CONVERSION = YES;
				GCC_WARN_ABOUT_RETURN_TYPE = YES_ERROR;
				GCC_WARN_UNDECLARED_SELECTOR = YES;
				GCC_WARN_UNINITIALIZED_AUTOS = YES_AGGRESSIVE;
				GCC_WARN_UNUSED_FUNCTION = YES;
				GCC_WARN_UNUSED_VARIABLE = YES;
				LOCALIZATION_PREFERS_STRING_CATALOGS = YES;
				MACOSX_DEPLOYMENT_TARGET = 14.0;
				MTL_ENABLE_DEBUG_INFO = NO;
				MTL_FAST_MATH = YES;
				SDKROOT = macosx;
				SWIFT_COMPILATION_MODE = wholemodule;
			};
			name = Release;
		};
		97234EAE2C261B3F00B363EE /* Debug */ = {
			isa = XCBuildConfiguration;
			buildSettings = {
				CODE_SIGN_STYLE = Automatic;
				DEVELOPMENT_TEAM = D7MN23CD5F;
				ENABLE_HARDENED_RUNTIME = YES;
				PRODUCT_NAME = "$(TARGET_NAME)";
				SWIFT_VERSION = 5.0;
			};
			name = Debug;
		};
		97234EAF2C261B3F00B363EE /* Release */ = {
			isa = XCBuildConfiguration;
			buildSettings = {
				CODE_SIGN_STYLE = Automatic;
				DEVELOPMENT_TEAM = D7MN23CD5F;
				ENABLE_HARDENED_RUNTIME = YES;
				PRODUCT_NAME = "$(TARGET_NAME)";
				SWIFT_VERSION = 5.0;
			};
			name = Release;
		};
/* End XCBuildConfiguration section */

/* Begin XCConfigurationList section */
		97234EA12C261B3F00B363EE /* Build configuration list for PBXProject "Tasks" */ = {
			isa = XCConfigurationList;
			buildConfigurations = (
				97234EAB2C261B3F00B363EE /* Debug */,
				97234EAC2C261B3F00B363EE /* Release */,
			);
			defaultConfigurationIsVisible = 0;
			defaultConfigurationName = Release;
		};
		97234EAD2C261B3F00B363EE /* Build configuration list for PBXNativeTarget "Tasks" */ = {
			isa = XCConfigurationList;
			buildConfigurations = (
				97234EAE2C261B3F00B363EE /* Debug */,
				97234EAF2C261B3F00B363EE /* Release */,
			);
			defaultConfigurationIsVisible = 0;
			defaultConfigurationName = Release;
		};
/* End XCConfigurationList section */

/* Begin XCRemoteSwiftPackageReference section */
		DD3E4DB795C565A9F8DDEED5 /* XCRemoteSwiftPackageReference "ANSITerminal" */ = {
			isa = XCRemoteSwiftPackageReference;
			repositoryURL = "https://github.com/pakLebah/ANSITerminal.git";
			requirement = {
				kind = upToNextMajorVersion;
				minimumVersion = 0.0.3;
			};
		};
		20D84501B7D523750498E081 /* XCRemoteSwiftPackageReference "SwiftCLUI" */ = {
			isa = XCRemoteSwiftPackageReference;
			repositoryURL = "https://github.com/anconaesselmann/SwiftCLUI";
			requirement = {
				kind = upToNextMajorVersion;
				minimumVersion = 0.0.3;
			};
		};
		957D4067B96F2BC37269FB0F /* XCRemoteSwiftPackageReference "Ansi256Color" */ = {
			isa = XCRemoteSwiftPackageReference;
			repositoryURL = "https://github.com/anconaesselmann/Ansi256Color";
			requirement = {
				kind = upToNextMajorVersion;
				minimumVersion = 0.0.1;
			};
		};
/* End XCRemoteSwiftPackageReference section */

/* Begin XCSwiftPackageProductDependency section */
		3EA97D8995C565A9F8DDEED5 /* ANSITerminal */ = {
			isa = XCSwiftPackageProductDependency;
			package = DD3E4DB795C565A9F8DDEED5 /* XCRemoteSwiftPackageReference "ANSITerminal" */;
			productName = ANSITerminal;
		};
		3EA97D89B7D523750498E081 /* SwiftCLUI */ = {
			isa = XCSwiftPackageProductDependency;
			package = 20D84501B7D523750498E081 /* XCRemoteSwiftPackageReference "SwiftCLUI" */;
			productName = SwiftCLUI;
		};
		3EA97D89B96F2BC37269FB0F /* Ansi256Color */ = {
			isa = XCSwiftPackageProductDependency;
			package = 957D4067B96F2BC37269FB0F /* XCRemoteSwiftPackageReference "Ansi256Color" */;
			productName = Ansi256Color;
		};
/* End XCSwiftPackageProductDependency section */
	};
	rootObject = 97234E9E2C261B3F00B363EE /* Project object */;
}
