{
  "originHash" : "1438f2666a364dee54730ddd76a6f2fc3f3585ba87d0fa56d13433aeb6b482ba",
  "pins" : [
    {
      "identity" : "ansiterminal",
      "kind" : "remoteSourceControl",
      "location" : "https://github.com/pakLebah/ANSITerminal.git",
      "state" : {
        "revision" : "8e24fab68c660eca1244a95019ec69a11400d62b",
        "version" : "0.0.3"
      }
    },
    {
      "identity" : "swift-argument-parser",
      "kind" : "remoteSourceControl",
      "location" : "https://github.com/apple/swift-argument-parser",
      "state" : {
        "revision" : "0fbc8848e389af3bb55c182bc19ca9d5dc2f255b",
        "version" : "1.4.0"
      }
    },
    {
      "identity" : "swiftclui",
      "kind" : "remoteSourceControl",
      "location" : "https://github.com/anconaesselmann/SwiftCLUI",
      "state" : {
        "revision" : "a54f96a7388850a5193e09cfe0b8c0f7ba365625",
        "version" : "0.0.1"
      }
    }
  ],
  "version" : 3
}
