// !$*UTF8*$!
{
	archiveVersion = 1;
	classes = {
	};
	objectVersion = 56;
	objects = {

/* Begin PBXBuildFile section */
		3EA97D895534486EBA887A6F /* ArgumentParser in Frameworks */ = {isa = PBXBuildFile; productRef = 3EA97D89BA887A6FF0BD4B65 /* ArgumentParser */; };
		3EA97D89DD3E4DB795C565A9 /* ANSITerminal in Frameworks */ = {isa = PBXBuildFile; productRef = 3EA97D8995C565A9F8DDEED5 /* ANSITerminal */; };
		97234EAA2C261B3F00B363EE /* AnsiTerminalTest.swift in Sources */ = {isa = PBXBuildFile; fileRef = 97234EA92C261B3F00B363EE /* AnsiTerminalTest.swift */; };
		97234EB82C26353E00B363EE /* Task.swift in Sources */ = {isa = PBXBuildFile; fileRef = 97234EB72C26353E00B363EE /* Task.swift */; };
		97234EC32C26B6EB00B363EE /* VStack.swift in Sources */ = {isa = PBXBuildFile; fileRef = 97234EC22C26B6EB00B363EE /* VStack.swift */; };
		97234EC52C26BF9200B363EE /* Renderer.swift in Sources */ = {isa = PBXBuildFile; fileRef = 97234EC42C26BF9200B363EE /* Renderer.swift */; };
		97234EC92C26C86500B363EE /* State.swift in Sources */ = {isa = PBXBuildFile; fileRef = 97234EC82C26C86500B363EE /* State.swift */; };
		97234ECC2C26F05500B363EE /* HStack.swift in Sources */ = {isa = PBXBuildFile; fileRef = 97234ECB2C26F05500B363EE /* HStack.swift */; };
		97234ECE2C27758800B363EE /* ElementsObserver.swift in Sources */ = {isa = PBXBuildFile; fileRef = 97234ECD2C27758800B363EE /* ElementsObserver.swift */; };
		97234ED12C2776B100B363EE /* View.swift in Sources */ = {isa = PBXBuildFile; fileRef = 97234ED02C2776B100B363EE /* View.swift */; };
		97234ED32C2776C700B363EE /* String+View.swift in Sources */ = {isa = PBXBuildFile; fileRef = 97234ED22C2776C700B363EE /* String+View.swift */; };
		97234ED62C2776F300B363EE /* Text.swift in Sources */ = {isa = PBXBuildFile; fileRef = 97234ED52C2776F300B363EE /* Text.swift */; };
		97234ED92C2777D800B363EE /* SwiftCLUIState.swift in Sources */ = {isa = PBXBuildFile; fileRef = 97234ED82C2777D800B363EE /* SwiftCLUIState.swift */; };
		97234EDB2C277FC000B363EE /* KeyPressObserver.swift in Sources */ = {isa = PBXBuildFile; fileRef = 97234EDA2C277FC000B363EE /* KeyPressObserver.swift */; };
		97234EDE2C2782A300B363EE /* Picker.swift in Sources */ = {isa = PBXBuildFile; fileRef = 97234EDD2C2782A300B363EE /* Picker.swift */; };
/* End PBXBuildFile section */

/* Begin PBXCopyFilesBuildPhase section */
		97234EA42C261B3F00B363EE /* CopyFiles */ = {
			isa = PBXCopyFilesBuildPhase;
			buildActionMask = 2147483647;
			dstPath = /usr/share/man/man1/;
			dstSubfolderSpec = 0;
			files = (
			);
			runOnlyForDeploymentPostprocessing = 1;
		};
/* End PBXCopyFilesBuildPhase section */

/* Begin PBXFileReference section */
		97234EA62C261B3F00B363EE /* AnsiTerminalTest */ = {isa = PBXFileReference; explicitFileType = "compiled.mach-o.executable"; includeInIndex = 0; path = AnsiTerminalTest; sourceTree = BUILT_PRODUCTS_DIR; };
		97234EA92C261B3F00B363EE /* AnsiTerminalTest.swift */ = {isa = PBXFileReference; lastKnownFileType = sourcecode.swift; path = AnsiTerminalTest.swift; sourceTree = "<group>"; };
		97234EB72C26353E00B363EE /* Task.swift */ = {isa = PBXFileReference; lastKnownFileType = sourcecode.swift; path = Task.swift; sourceTree = "<group>"; };
		97234EC22C26B6EB00B363EE /* VStack.swift */ = {isa = PBXFileReference; lastKnownFileType = sourcecode.swift; path = VStack.swift; sourceTree = "<group>"; };
		97234EC42C26BF9200B363EE /* Renderer.swift */ = {isa = PBXFileReference; lastKnownFileType = sourcecode.swift; path = Renderer.swift; sourceTree = "<group>"; };
		97234EC82C26C86500B363EE /* State.swift */ = {isa = PBXFileReference; lastKnownFileType = sourcecode.swift; path = State.swift; sourceTree = "<group>"; };
		97234ECB2C26F05500B363EE /* HStack.swift */ = {isa = PBXFileReference; lastKnownFileType = sourcecode.swift; path = HStack.swift; sourceTree = "<group>"; };
		97234ECD2C27758800B363EE /* ElementsObserver.swift */ = {isa = PBXFileReference; lastKnownFileType = sourcecode.swift; path = ElementsObserver.swift; sourceTree = "<group>"; };
		97234ED02C2776B100B363EE /* View.swift */ = {isa = PBXFileReference; lastKnownFileType = sourcecode.swift; path = View.swift; sourceTree = "<group>"; };
		97234ED22C2776C700B363EE /* String+View.swift */ = {isa = PBXFileReference; lastKnownFileType = sourcecode.swift; path = "String+View.swift"; sourceTree = "<group>"; };
		97234ED52C2776F300B363EE /* Text.swift */ = {isa = PBXFileReference; lastKnownFileType = sourcecode.swift; path = Text.swift; sourceTree = "<group>"; };
		97234ED82C2777D800B363EE /* SwiftCLUIState.swift */ = {isa = PBXFileReference; lastKnownFileType = sourcecode.swift; path = SwiftCLUIState.swift; sourceTree = "<group>"; };
		97234EDA2C277FC000B363EE /* KeyPressObserver.swift */ = {isa = PBXFileReference; lastKnownFileType = sourcecode.swift; path = KeyPressObserver.swift; sourceTree = "<group>"; };
		97234EDD2C2782A300B363EE /* Picker.swift */ = {isa = PBXFileReference; lastKnownFileType = sourcecode.swift; path = Picker.swift; sourceTree = "<group>"; };
/* End PBXFileReference section */

/* Begin PBXFrameworksBuildPhase section */
		97234EA32C261B3F00B363EE /* Frameworks */ = {
			isa = PBXFrameworksBuildPhase;
			buildActionMask = 2147483647;
			files = (
				3EA97D895534486EBA887A6F /* ArgumentParser in Frameworks */,
				3EA97D89DD3E4DB795C565A9 /* ANSITerminal in Frameworks */,
			);
			runOnlyForDeploymentPostprocessing = 0;
		};
/* End PBXFrameworksBuildPhase section */

/* Begin PBXGroup section */
		97234E9D2C261B3F00B363EE = {
			isa = PBXGroup;
			children = (
				97234EA82C261B3F00B363EE /* AnsiTerminalTest */,
				97234EA72C261B3F00B363EE /* Products */,
			);
			sourceTree = "<group>";
		};
		97234EA72C261B3F00B363EE /* Products */ = {
			isa = PBXGroup;
			children = (
				97234EA62C261B3F00B363EE /* AnsiTerminalTest */,
			);
			name = Products;
			sourceTree = "<group>";
		};
		97234EA82C261B3F00B363EE /* AnsiTerminalTest */ = {
			isa = PBXGroup;
			children = (
				97234EA92C261B3F00B363EE /* AnsiTerminalTest.swift */,
				97234EB72C26353E00B363EE /* Task.swift */,
				97234EC42C26BF9200B363EE /* Renderer.swift */,
				97234ECF2C2776A500B363EE /* SwiftCLUI */,
			);
			path = AnsiTerminalTest;
			sourceTree = "<group>";
		};
		97234EC12C26B6E000B363EE /* Stacks */ = {
			isa = PBXGroup;
			children = (
				97234ECB2C26F05500B363EE /* HStack.swift */,
				97234EC22C26B6EB00B363EE /* VStack.swift */,
			);
			path = Stacks;
			sourceTree = "<group>";
		};
		97234ECF2C2776A500B363EE /* SwiftCLUI */ = {
			isa = PBXGroup;
			children = (
				97234ED72C27773900B363EE /* State */,
				97234ED02C2776B100B363EE /* View.swift */,
				97234ED22C2776C700B363EE /* String+View.swift */,
				97234ED42C2776EC00B363EE /* Views */,
				97234EDA2C277FC000B363EE /* KeyPressObserver.swift */,
			);
			path = SwiftCLUI;
			sourceTree = "<group>";
		};
		97234ED42C2776EC00B363EE /* Views */ = {
			isa = PBXGroup;
			children = (
				97234ED52C2776F300B363EE /* Text.swift */,
				97234EDD2C2782A300B363EE /* Picker.swift */,
				97234EC12C26B6E000B363EE /* Stacks */,
			);
			path = Views;
			sourceTree = "<group>";
		};
		97234ED72C27773900B363EE /* State */ = {
			isa = PBXGroup;
			children = (
				97234EC82C26C86500B363EE /* State.swift */,
				97234ECD2C27758800B363EE /* ElementsObserver.swift */,
				97234ED82C2777D800B363EE /* SwiftCLUIState.swift */,
			);
			path = State;
			sourceTree = "<group>";
		};
/* End PBXGroup section */

/* Begin PBXNativeTarget section */
		97234EA52C261B3F00B363EE /* AnsiTerminalTest */ = {
			isa = PBXNativeTarget;
			buildConfigurationList = 97234EAD2C261B3F00B363EE /* Build configuration list for PBXNativeTarget "AnsiTerminalTest" */;
			buildPhases = (
				97234EA22C261B3F00B363EE /* Sources */,
				97234EA32C261B3F00B363EE /* Frameworks */,
				97234EA42C261B3F00B363EE /* CopyFiles */,
			);
			buildRules = (
			);
			dependencies = (
			);
			name = AnsiTerminalTest;
			packageProductDependencies = (
				3EA97D89BA887A6FF0BD4B65 /* ArgumentParser */,
				3EA97D8995C565A9F8DDEED5 /* ANSITerminal */,
			);
			productName = AnsiTerminalTest;
			productReference = 97234EA62C261B3F00B363EE /* AnsiTerminalTest */;
			productType = "com.apple.product-type.tool";
		};
/* End PBXNativeTarget section */

/* Begin PBXProject section */
		97234E9E2C261B3F00B363EE /* Project object */ = {
			isa = PBXProject;
			attributes = {
				BuildIndependentTargetsInParallel = 1;
				LastSwiftUpdateCheck = 1530;
				LastUpgradeCheck = 1530;
				TargetAttributes = {
					97234EA52C261B3F00B363EE = {
						CreatedOnToolsVersion = 15.3;
					};
				};
			};
			buildConfigurationList = 97234EA12C261B3F00B363EE /* Build configuration list for PBXProject "AnsiTerminalTest" */;
			compatibilityVersion = "Xcode 14.0";
			developmentRegion = en;
			hasScannedForEncodings = 0;
			knownRegions = (
				en,
				Base,
			);
			mainGroup = 97234E9D2C261B3F00B363EE;
			packageReferences = (
				DD3E4DB795C565A9F8DDEED5 /* XCRemoteSwiftPackageReference "ANSITerminal" */,
				5534486EBA887A6FF0BD4B65 /* XCRemoteSwiftPackageReference "swift-argument-parser" */,
			);
			productRefGroup = 97234EA72C261B3F00B363EE /* Products */;
			projectDirPath = "";
			projectRoot = "";
			targets = (
				97234EA52C261B3F00B363EE /* AnsiTerminalTest */,
			);
		};
/* End PBXProject section */

/* Begin PBXSourcesBuildPhase section */
		97234EA22C261B3F00B363EE /* Sources */ = {
			isa = PBXSourcesBuildPhase;
			buildActionMask = 2147483647;
			files = (
				97234EB82C26353E00B363EE /* Task.swift in Sources */,
				97234EDE2C2782A300B363EE /* Picker.swift in Sources */,
				97234EAA2C261B3F00B363EE /* AnsiTerminalTest.swift in Sources */,
				97234ED32C2776C700B363EE /* String+View.swift in Sources */,
				97234ECE2C27758800B363EE /* ElementsObserver.swift in Sources */,
				97234EC52C26BF9200B363EE /* Renderer.swift in Sources */,
				97234EC92C26C86500B363EE /* State.swift in Sources */,
				97234ED92C2777D800B363EE /* SwiftCLUIState.swift in Sources */,
				97234ED12C2776B100B363EE /* View.swift in Sources */,
				97234ED62C2776F300B363EE /* Text.swift in Sources */,
				97234ECC2C26F05500B363EE /* HStack.swift in Sources */,
				97234EC32C26B6EB00B363EE /* VStack.swift in Sources */,
				97234EDB2C277FC000B363EE /* KeyPressObserver.swift in Sources */,
			);
			runOnlyForDeploymentPostprocessing = 0;
		};
/* End PBXSourcesBuildPhase section */

/* Begin XCBuildConfiguration section */
		97234EAB2C261B3F00B363EE /* Debug */ = {
			isa = XCBuildConfiguration;
			buildSettings = {
				ALWAYS_SEARCH_USER_PATHS = NO;
				ASSETCATALOG_COMPILER_GENERATE_SWIFT_ASSET_SYMBOL_EXTENSIONS = YES;
				CLANG_ANALYZER_NONNULL = YES;
				CLANG_ANALYZER_NUMBER_OBJECT_CONVERSION = YES_AGGRESSIVE;
				CLANG_CXX_LANGUAGE_STANDARD = "gnu++20";
				CLANG_ENABLE_MODULES = YES;
				CLANG_ENABLE_OBJC_ARC = YES;
				CLANG_ENABLE_OBJC_WEAK = YES;
				CLANG_WARN_BLOCK_CAPTURE_AUTORELEASING = YES;
				CLANG_WARN_BOOL_CONVERSION = YES;
				CLANG_WARN_COMMA = YES;
				CLANG_WARN_CONSTANT_CONVERSION = YES;
				CLANG_WARN_DEPRECATED_OBJC_IMPLEMENTATIONS = YES;
				CLANG_WARN_DIRECT_OBJC_ISA_USAGE = YES_ERROR;
				CLANG_WARN_DOCUMENTATION_COMMENTS = YES;
				CLANG_WARN_EMPTY_BODY = YES;
				CLANG_WARN_ENUM_CONVERSION = YES;
				CLANG_WARN_INFINITE_RECURSION = YES;
				CLANG_WARN_INT_CONVERSION = YES;
				CLANG_WARN_NON_LITERAL_NULL_CONVERSION = YES;
				CLANG_WARN_OBJC_IMPLICIT_RETAIN_SELF = YES;
				CLANG_WARN_OBJC_LITERAL_CONVERSION = YES;
				CLANG_WARN_OBJC_ROOT_CLASS = YES_ERROR;
				CLANG_WARN_QUOTED_INCLUDE_IN_FRAMEWORK_HEADER = YES;
				CLANG_WARN_RANGE_LOOP_ANALYSIS = YES;
				CLANG_WARN_STRICT_PROTOTYPES = YES;
				CLANG_WARN_SUSPICIOUS_MOVE = YES;
				CLANG_WARN_UNGUARDED_AVAILABILITY = YES_AGGRESSIVE;
				CLANG_WARN_UNREACHABLE_CODE = YES;
				CLANG_WARN__DUPLICATE_METHOD_MATCH = YES;
				COPY_PHASE_STRIP = NO;
				DEBUG_INFORMATION_FORMAT = dwarf;
				ENABLE_STRICT_OBJC_MSGSEND = YES;
				ENABLE_TESTABILITY = YES;
				ENABLE_USER_SCRIPT_SANDBOXING = YES;
				GCC_C_LANGUAGE_STANDARD = gnu17;
				GCC_DYNAMIC_NO_PIC = NO;
				GCC_NO_COMMON_BLOCKS = YES;
				GCC_OPTIMIZATION_LEVEL = 0;
				GCC_PREPROCESSOR_DEFINITIONS = (
					"DEBUG=1",
					"$(inherited)",
				);
				GCC_WARN_64_TO_32_BIT_CONVERSION = YES;
				GCC_WARN_ABOUT_RETURN_TYPE = YES_ERROR;
				GCC_WARN_UNDECLARED_SELECTOR = YES;
				GCC_WARN_UNINITIALIZED_AUTOS = YES_AGGRESSIVE;
				GCC_WARN_UNUSED_FUNCTION = YES;
				GCC_WARN_UNUSED_VARIABLE = YES;
				LOCALIZATION_PREFERS_STRING_CATALOGS = YES;
				MACOSX_DEPLOYMENT_TARGET = 14.0;
				MTL_ENABLE_DEBUG_INFO = INCLUDE_SOURCE;
				MTL_FAST_MATH = YES;
				ONLY_ACTIVE_ARCH = YES;
				SDKROOT = macosx;
				SWIFT_ACTIVE_COMPILATION_CONDITIONS = "DEBUG $(inherited)";
				SWIFT_OPTIMIZATION_LEVEL = "-Onone";
			};
			name = Debug;
		};
		97234EAC2C261B3F00B363EE /* Release */ = {
			isa = XCBuildConfiguration;
			buildSettings = {
				ALWAYS_SEARCH_USER_PATHS = NO;
				ASSETCATALOG_COMPILER_GENERATE_SWIFT_ASSET_SYMBOL_EXTENSIONS = YES;
				CLANG_ANALYZER_NONNULL = YES;
				CLANG_ANALYZER_NUMBER_OBJECT_CONVERSION = YES_AGGRESSIVE;
				CLANG_CXX_LANGUAGE_STANDARD = "gnu++20";
				CLANG_ENABLE_MODULES = YES;
				CLANG_ENABLE_OBJC_ARC = YES;
				CLANG_ENABLE_OBJC_WEAK = YES;
				CLANG_WARN_BLOCK_CAPTURE_AUTORELEASING = YES;
				CLANG_WARN_BOOL_CONVERSION = YES;
				CLANG_WARN_COMMA = YES;
				CLANG_WARN_CONSTANT_CONVERSION = YES;
				CLANG_WARN_DEPRECATED_OBJC_IMPLEMENTATIONS = YES;
				CLANG_WARN_DIRECT_OBJC_ISA_USAGE = YES_ERROR;
				CLANG_WARN_DOCUMENTATION_COMMENTS = YES;
				CLANG_WARN_EMPTY_BODY = YES;
				CLANG_WARN_ENUM_CONVERSION = YES;
				CLANG_WARN_INFINITE_RECURSION = YES;
				CLANG_WARN_INT_CONVERSION = YES;
				CLANG_WARN_NON_LITERAL_NULL_CONVERSION = YES;
				CLANG_WARN_OBJC_IMPLICIT_RETAIN_SELF = YES;
				CLANG_WARN_OBJC_LITERAL_CONVERSION = YES;
				CLANG_WARN_OBJC_ROOT_CLASS = YES_ERROR;
				CLANG_WARN_QUOTED_INCLUDE_IN_FRAMEWORK_HEADER = YES;
				CLANG_WARN_RANGE_LOOP_ANALYSIS = YES;
				CLANG_WARN_STRICT_PROTOTYPES = YES;
				CLANG_WARN_SUSPICIOUS_MOVE = YES;
				CLANG_WARN_UNGUARDED_AVAILABILITY = YES_AGGRESSIVE;
				CLANG_WARN_UNREACHABLE_CODE = YES;
				CLANG_WARN__DUPLICATE_METHOD_MATCH = YES;
				COPY_PHASE_STRIP = NO;
				DEBUG_INFORMATION_FORMAT = "dwarf-with-dsym";
				ENABLE_NS_ASSERTIONS = NO;
				ENABLE_STRICT_OBJC_MSGSEND = YES;
				ENABLE_USER_SCRIPT_SANDBOXING = YES;
				GCC_C_LANGUAGE_STANDARD = gnu17;
				GCC_NO_COMMON_BLOCKS = YES;
				GCC_WARN_64_TO_32_BIT_CONVERSION = YES;
				GCC_WARN_ABOUT_RETURN_TYPE = YES_ERROR;
				GCC_WARN_UNDECLARED_SELECTOR = YES;
				GCC_WARN_UNINITIALIZED_AUTOS = YES_AGGRESSIVE;
				GCC_WARN_UNUSED_FUNCTION = YES;
				GCC_WARN_UNUSED_VARIABLE = YES;
				LOCALIZATION_PREFERS_STRING_CATALOGS = YES;
				MACOSX_DEPLOYMENT_TARGET = 14.0;
				MTL_ENABLE_DEBUG_INFO = NO;
				MTL_FAST_MATH = YES;
				SDKROOT = macosx;
				SWIFT_COMPILATION_MODE = wholemodule;
			};
			name = Release;
		};
		97234EAE2C261B3F00B363EE /* Debug */ = {
			isa = XCBuildConfiguration;
			buildSettings = {
				CODE_SIGN_STYLE = Automatic;
				DEVELOPMENT_TEAM = D7MN23CD5F;
				ENABLE_HARDENED_RUNTIME = YES;
				PRODUCT_NAME = "$(TARGET_NAME)";
				SWIFT_VERSION = 5.0;
			};
			name = Debug;
		};
		97234EAF2C261B3F00B363EE /* Release */ = {
			isa = XCBuildConfiguration;
			buildSettings = {
				CODE_SIGN_STYLE = Automatic;
				DEVELOPMENT_TEAM = D7MN23CD5F;
				ENABLE_HARDENED_RUNTIME = YES;
				PRODUCT_NAME = "$(TARGET_NAME)";
				SWIFT_VERSION = 5.0;
			};
			name = Release;
		};
/* End XCBuildConfiguration section */

/* Begin XCConfigurationList section */
		97234EA12C261B3F00B363EE /* Build configuration list for PBXProject "AnsiTerminalTest" */ = {
			isa = XCConfigurationList;
			buildConfigurations = (
				97234EAB2C261B3F00B363EE /* Debug */,
				97234EAC2C261B3F00B363EE /* Release */,
			);
			defaultConfigurationIsVisible = 0;
			defaultConfigurationName = Release;
		};
		97234EAD2C261B3F00B363EE /* Build configuration list for PBXNativeTarget "AnsiTerminalTest" */ = {
			isa = XCConfigurationList;
			buildConfigurations = (
				97234EAE2C261B3F00B363EE /* Debug */,
				97234EAF2C261B3F00B363EE /* Release */,
			);
			defaultConfigurationIsVisible = 0;
			defaultConfigurationName = Release;
		};
/* End XCConfigurationList section */

/* Begin XCRemoteSwiftPackageReference section */
		5534486EBA887A6FF0BD4B65 /* XCRemoteSwiftPackageReference "swift-argument-parser" */ = {
			isa = XCRemoteSwiftPackageReference;
			repositoryURL = "https://github.com/apple/swift-argument-parser";
			requirement = {
				kind = upToNextMajorVersion;
				minimumVersion = 1.4.0;
			};
		};
		DD3E4DB795C565A9F8DDEED5 /* XCRemoteSwiftPackageReference "ANSITerminal" */ = {
			isa = XCRemoteSwiftPackageReference;
			repositoryURL = "https://github.com/pakLebah/ANSITerminal.git";
			requirement = {
				kind = upToNextMajorVersion;
				minimumVersion = 0.0.3;
			};
		};
/* End XCRemoteSwiftPackageReference section */

/* Begin XCSwiftPackageProductDependency section */
		3EA97D8995C565A9F8DDEED5 /* ANSITerminal */ = {
			isa = XCSwiftPackageProductDependency;
			package = DD3E4DB795C565A9F8DDEED5 /* XCRemoteSwiftPackageReference "ANSITerminal" */;
			productName = ANSITerminal;
		};
		3EA97D89BA887A6FF0BD4B65 /* ArgumentParser */ = {
			isa = XCSwiftPackageProductDependency;
			package = 5534486EBA887A6FF0BD4B65 /* XCRemoteSwiftPackageReference "swift-argument-parser" */;
			productName = ArgumentParser;
		};
/* End XCSwiftPackageProductDependency section */
	};
	rootObject = 97234E9E2C261B3F00B363EE /* Project object */;
}
