{
  "originHash" : "96d59d6bd349deca48d6a3318a4db2f2129070be816ffaab793698598ae5988e",
  "pins" : [
    {
      "identity" : "ansi256color",
      "kind" : "remoteSourceControl",
      "location" : "https://github.com/anconaesselmann/Ansi256Color",
      "state" : {
        "revision" : "f683364e7a615c9daa33f66b61a4a923cc0742c4",
        "version" : "0.0.2"
      }
    },
    {
      "identity" : "ansiterminal",
      "kind" : "remoteSourceControl",
      "location" : "https://github.com/pakLebah/ANSITerminal.git",
      "state" : {
        "revision" : "8e24fab68c660eca1244a95019ec69a11400d62b",
        "version" : "0.0.3"
      }
    },
    {
      "identity" : "swiftclui",
      "kind" : "remoteSourceControl",
      "location" : "https://github.com/anconaesselmann/SwiftCLUI",
      "state" : {
        "revision" : "6ba6d183e79949922b8972f64304c4775ca39187",
        "version" : "0.0.3"
      }
    }
  ],
  "version" : 3
}
