{
  "originHash" : "350d9cfad731580377d16d5019f53991265ee8ecef8cf265b1adef7f9a541685",
  "pins" : [
    {
      "identity" : "ansiterminal",
      "kind" : "remoteSourceControl",
      "location" : "https://github.com/pakLebah/ANSITerminal.git",
      "state" : {
        "revision" : "8e24fab68c660eca1244a95019ec69a11400d62b",
        "version" : "0.0.3"
      }
    }
  ],
  "version" : 3
}
